# This file is automatically @generated by Cargo.
# It is not intended for manual editing.
version = 4

[[package]]
name = "cardano"
version = "0.4.0"
dependencies = [
 "cardano-valkyoth-primitives",
]

[[package]]
name = "cardano-valkyoth-address"
version = "0.1.0"

[[package]]
name = "cardano-valkyoth-cbor"
version = "0.1.0"

[[package]]
name = "cardano-valkyoth-crypto"
version = "0.1.0"

[[package]]
name = "cardano-valkyoth-governance"
version = "0.1.0"

[[package]]
name = "cardano-valkyoth-ledger"
version = "0.1.0"

[[package]]
name = "cardano-valkyoth-node"
version = "0.1.0"

[[package]]
name = "cardano-valkyoth-primitives"
version = "0.3.0"

[[package]]
name = "cardano-valkyoth-rpc"
version = "0.1.0"

[[package]]
name = "cardano-valkyoth-sanitization"
version = "0.1.0"

[[package]]
name = "cardano-valkyoth-script"
version = "0.1.0"

[[package]]
name = "cardano-valkyoth-signer"
version = "0.1.0"

[[package]]
name = "cardano-valkyoth-testkit"
version = "0.1.0"
